
Microsoft Visual Studio Solution File, Format Version 12.00
# Visual Studio Version 16
VisualStudioVersion = 16.0.29009.5
MinimumVisualStudioVersion = 10.0.40219.1
Project("{FAE04EC0-301F-11D3-BF4B-00C04F79EFBC}") = "EventCarStatisticGenerator", "EventCarStatisticGenerator\EventCarStatisticGenerator.csproj", "{0DD4BE7E-4243-4FE3-99F2-87BCEFE43121}"
EndProject
Global
	GlobalSection(SolutionConfigurationPlatforms) = preSolution
		Debug|Any CPU = Debug|Any CPU
		Release|Any CPU = Release|Any CPU
	EndGlobalSection
	GlobalSection(ProjectConfigurationPlatforms) = postSolution
		{0DD4BE7E-4243-4FE3-99F2-87BCEFE43121}.Debug|Any CPU.ActiveCfg = Debug|Any CPU
		{0DD4BE7E-4243-4FE3-99F2-87BCEFE43121}.Debug|Any CPU.Build.0 = Debug|Any CPU
		{0DD4BE7E-4243-4FE3-99F2-87BCEFE43121}.Release|Any CPU.ActiveCfg = Release|Any CPU
		{0DD4BE7E-4243-4FE3-99F2-87BCEFE43121}.Release|Any CPU.Build.0 = Release|Any CPU
	EndGlobalSection
	GlobalSection(SolutionProperties) = preSolution
		HideSolutionNode = FALSE
	EndGlobalSection
	GlobalSection(ExtensibilityGlobals) = postSolution
		SolutionGuid = {0E19B453-5774-4FED-B758-45CCEE7D1685}
	EndGlobalSection
EndGlobal
